// !$*UTF8*$!
{
	archiveVersion = 1;
	classes = {
	};
	objectVersion = 48;
	objects = {

/* Begin PBXBuildFile section */
		970A8C4A2040F5A000E94C93 /* AppDelegate.swift in Sources */ = {isa = PBXBuildFile; fileRef = 970A8C492040F5A000E94C93 /* AppDelegate.swift */; };
		970A8C4C2040F5A000E94C93 /* ViewController.swift in Sources */ = {isa = PBXBuildFile; fileRef = 970A8C4B2040F5A000E94C93 /* ViewController.swift */; };
		970A8C4F2040F5A000E94C93 /* Main.storyboard in Resources */ = {isa = PBXBuildFile; fileRef = 970A8C4D2040F5A000E94C93 /* Main.storyboard */; };
		970A8C512040F5A000E94C93 /* Assets.xcassets in Resources */ = {isa = PBXBuildFile; fileRef = 970A8C502040F5A000E94C93 /* Assets.xcassets */; };
		970A8C542040F5A000E94C93 /* LaunchScreen.storyboard in Resources */ = {isa = PBXBuildFile; fileRef = 970A8C522040F5A000E94C93 /* LaunchScreen.storyboard */; };
		970A8C712040FE8000E94C93 /* icon_r@2x.png in Resources */ = {isa = PBXBuildFile; fileRef = 970A8C6B2040FE8000E94C93 /* icon_r@2x.png */; };
		970A8C722040FE8000E94C93 /* icon_r@3x.png in Resources */ = {isa = PBXBuildFile; fileRef = 970A8C6C2040FE8000E94C93 /* icon_r@3x.png */; };
		970A8C732040FE8000E94C93 /* icon_h@3x.png in Resources */ = {isa = PBXBuildFile; fileRef = 970A8C6D2040FE8000E94C93 /* icon_h@3x.png */; };
		970A8C742040FE8000E94C93 /* icon_h@2x.png in Resources */ = {isa = PBXBuildFile; fileRef = 970A8C6E2040FE8000E94C93 /* icon_h@2x.png */; };
		970A8C752040FE8000E94C93 /* icon_i@2x.png in Resources */ = {isa = PBXBuildFile; fileRef = 970A8C6F2040FE8000E94C93 /* icon_i@2x.png */; };
		970A8C762040FE8000E94C93 /* icon_i@3x.png in Resources */ = {isa = PBXBuildFile; fileRef = 970A8C702040FE8000E94C93 /* icon_i@3x.png */; };
		970A8C7D2040FFB200E94C93 /* UIViewController+Present.m in Sources */ = {isa = PBXBuildFile; fileRef = 970A8C7B2040FFB200E94C93 /* UIViewController+Present.m */; };
/* End PBXBuildFile section */

/* Begin PBXFileReference section */
		970A8C462040F5A000E94C93 /* 在线换IConDemo.app */ = {isa = PBXFileReference; explicitFileType = wrapper.application; includeInIndex = 0; path = "在线换IConDemo.app"; sourceTree = BUILT_PRODUCTS_DIR; };
		970A8C492040F5A000E94C93 /* AppDelegate.swift */ = {isa = PBXFileReference; lastKnownFileType = sourcecode.swift; path = AppDelegate.swift; sourceTree = "<group>"; };
		970A8C4B2040F5A000E94C93 /* ViewController.swift */ = {isa = PBXFileReference; lastKnownFileType = sourcecode.swift; path = ViewController.swift; sourceTree = "<group>"; };
		970A8C4E2040F5A000E94C93 /* Base */ = {isa = PBXFileReference; lastKnownFileType = file.storyboard; name = Base; path = Base.lproj/Main.storyboard; sourceTree = "<group>"; };
		970A8C502040F5A000E94C93 /* Assets.xcassets */ = {isa = PBXFileReference; lastKnownFileType = folder.assetcatalog; path = Assets.xcassets; sourceTree = "<group>"; };
		970A8C532040F5A000E94C93 /* Base */ = {isa = PBXFileReference; lastKnownFileType = file.storyboard; name = Base; path = Base.lproj/LaunchScreen.storyboard; sourceTree = "<group>"; };
		970A8C552040F5A000E94C93 /* Info.plist */ = {isa = PBXFileReference; lastKnownFileType = text.plist.xml; path = Info.plist; sourceTree = "<group>"; };
		970A8C6B2040FE8000E94C93 /* icon_r@2x.png */ = {isa = PBXFileReference; lastKnownFileType = image.png; path = "icon_r@2x.png"; sourceTree = "<group>"; };
		970A8C6C2040FE8000E94C93 /* icon_r@3x.png */ = {isa = PBXFileReference; lastKnownFileType = image.png; path = "icon_r@3x.png"; sourceTree = "<group>"; };
		970A8C6D2040FE8000E94C93 /* icon_h@3x.png */ = {isa = PBXFileReference; lastKnownFileType = image.png; path = "icon_h@3x.png"; sourceTree = "<group>"; };
		970A8C6E2040FE8000E94C93 /* icon_h@2x.png */ = {isa = PBXFileReference; lastKnownFileType = image.png; path = "icon_h@2x.png"; sourceTree = "<group>"; };
		970A8C6F2040FE8000E94C93 /* icon_i@2x.png */ = {isa = PBXFileReference; lastKnownFileType = image.png; path = "icon_i@2x.png"; sourceTree = "<group>"; };
		970A8C702040FE8000E94C93 /* icon_i@3x.png */ = {isa = PBXFileReference; lastKnownFileType = image.png; path = "icon_i@3x.png"; sourceTree = "<group>"; };
		970A8C772040FF9600E94C93 /* 在线换IConDemo-Bridging-Header.h */ = {isa = PBXFileReference; lastKnownFileType = sourcecode.c.h; path = "在线换IConDemo-Bridging-Header.h"; sourceTree = "<group>"; };
		970A8C7B2040FFB200E94C93 /* UIViewController+Present.m */ = {isa = PBXFileReference; fileEncoding = 4; lastKnownFileType = sourcecode.c.objc; path = "UIViewController+Present.m"; sourceTree = "<group>"; };
		970A8C7C2040FFB200E94C93 /* UIViewController+Present.h */ = {isa = PBXFileReference; fileEncoding = 4; lastKnownFileType = sourcecode.c.h; path = "UIViewController+Present.h"; sourceTree = "<group>"; };
/* End PBXFileReference section */

/* Begin PBXFrameworksBuildPhase section */
		970A8C432040F5A000E94C93 /* Frameworks */ = {
			isa = PBXFrameworksBuildPhase;
			buildActionMask = 2147483647;
			files = (
			);
			runOnlyForDeploymentPostprocessing = 0;
		};
/* End PBXFrameworksBuildPhase section */

/* Begin PBXGroup section */
		970A8C3D2040F5A000E94C93 = {
			isa = PBXGroup;
			children = (
				970A8C482040F5A000E94C93 /* 在线换IConDemo */,
				970A8C472040F5A000E94C93 /* Products */,
			);
			sourceTree = "<group>";
		};
		970A8C472040F5A000E94C93 /* Products */ = {
			isa = PBXGroup;
			children = (
				970A8C462040F5A000E94C93 /* 在线换IConDemo.app */,
			);
			name = Products;
			sourceTree = "<group>";
		};
		970A8C482040F5A000E94C93 /* 在线换IConDemo */ = {
			isa = PBXGroup;
			children = (
				970A8C6A2040FE6C00E94C93 /* icon */,
				970A8C492040F5A000E94C93 /* AppDelegate.swift */,
				970A8C4B2040F5A000E94C93 /* ViewController.swift */,
				970A8C4D2040F5A000E94C93 /* Main.storyboard */,
				970A8C502040F5A000E94C93 /* Assets.xcassets */,
				970A8C522040F5A000E94C93 /* LaunchScreen.storyboard */,
				970A8C552040F5A000E94C93 /* Info.plist */,
				970A8C772040FF9600E94C93 /* 在线换IConDemo-Bridging-Header.h */,
				970A8C7C2040FFB200E94C93 /* UIViewController+Present.h */,
				970A8C7B2040FFB200E94C93 /* UIViewController+Present.m */,
			);
			path = "在线换IConDemo";
			sourceTree = "<group>";
		};
		970A8C6A2040FE6C00E94C93 /* icon */ = {
			isa = PBXGroup;
			children = (
				970A8C6E2040FE8000E94C93 /* icon_h@2x.png */,
				970A8C6D2040FE8000E94C93 /* icon_h@3x.png */,
				970A8C6F2040FE8000E94C93 /* icon_i@2x.png */,
				970A8C702040FE8000E94C93 /* icon_i@3x.png */,
				970A8C6B2040FE8000E94C93 /* icon_r@2x.png */,
				970A8C6C2040FE8000E94C93 /* icon_r@3x.png */,
			);
			name = icon;
			sourceTree = "<group>";
		};
/* End PBXGroup section */

/* Begin PBXNativeTarget section */
		970A8C452040F5A000E94C93 /* 在线换IConDemo */ = {
			isa = PBXNativeTarget;
			buildConfigurationList = 970A8C582040F5A000E94C93 /* Build configuration list for PBXNativeTarget "在线换IConDemo" */;
			buildPhases = (
				970A8C422040F5A000E94C93 /* Sources */,
				970A8C432040F5A000E94C93 /* Frameworks */,
				970A8C442040F5A000E94C93 /* Resources */,
			);
			buildRules = (
			);
			dependencies = (
			);
			name = "在线换IConDemo";
			productName = "在线换IConDemo";
			productReference = 970A8C462040F5A000E94C93 /* 在线换IConDemo.app */;
			productType = "com.apple.product-type.application";
		};
/* End PBXNativeTarget section */

/* Begin PBXProject section */
		970A8C3E2040F5A000E94C93 /* Project object */ = {
			isa = PBXProject;
			attributes = {
				LastSwiftUpdateCheck = 0920;
				LastUpgradeCheck = 0920;
				ORGANIZATIONNAME = SSC;
				TargetAttributes = {
					970A8C452040F5A000E94C93 = {
						CreatedOnToolsVersion = 9.2;
						LastSwiftMigration = 0920;
						ProvisioningStyle = Automatic;
					};
				};
			};
			buildConfigurationList = 970A8C412040F5A000E94C93 /* Build configuration list for PBXProject "在线换IConDemo" */;
			compatibilityVersion = "Xcode 8.0";
			developmentRegion = en;
			hasScannedForEncodings = 0;
			knownRegions = (
				en,
				Base,
			);
			mainGroup = 970A8C3D2040F5A000E94C93;
			productRefGroup = 970A8C472040F5A000E94C93 /* Products */;
			projectDirPath = "";
			projectRoot = "";
			targets = (
				970A8C452040F5A000E94C93 /* 在线换IConDemo */,
			);
		};
/* End PBXProject section */

/* Begin PBXResourcesBuildPhase section */
		970A8C442040F5A000E94C93 /* Resources */ = {
			isa = PBXResourcesBuildPhase;
			buildActionMask = 2147483647;
			files = (
				970A8C712040FE8000E94C93 /* icon_r@2x.png in Resources */,
				970A8C542040F5A000E94C93 /* LaunchScreen.storyboard in Resources */,
				970A8C512040F5A000E94C93 /* Assets.xcassets in Resources */,
				970A8C752040FE8000E94C93 /* icon_i@2x.png in Resources */,
				970A8C732040FE8000E94C93 /* icon_h@3x.png in Resources */,
				970A8C762040FE8000E94C93 /* icon_i@3x.png in Resources */,
				970A8C742040FE8000E94C93 /* icon_h@2x.png in Resources */,
				970A8C4F2040F5A000E94C93 /* Main.storyboard in Resources */,
				970A8C722040FE8000E94C93 /* icon_r@3x.png in Resources */,
			);
			runOnlyForDeploymentPostprocessing = 0;
		};
/* End PBXResourcesBuildPhase section */

/* Begin PBXSourcesBuildPhase section */
		970A8C422040F5A000E94C93 /* Sources */ = {
			isa = PBXSourcesBuildPhase;
			buildActionMask = 2147483647;
			files = (
				970A8C4C2040F5A000E94C93 /* ViewController.swift in Sources */,
				970A8C4A2040F5A000E94C93 /* AppDelegate.swift in Sources */,
				970A8C7D2040FFB200E94C93 /* UIViewController+Present.m in Sources */,
			);
			runOnlyForDeploymentPostprocessing = 0;
		};
/* End PBXSourcesBuildPhase section */

/* Begin PBXVariantGroup section */
		970A8C4D2040F5A000E94C93 /* Main.storyboard */ = {
			isa = PBXVariantGroup;
			children = (
				970A8C4E2040F5A000E94C93 /* Base */,
			);
			name = Main.storyboard;
			sourceTree = "<group>";
		};
		970A8C522040F5A000E94C93 /* LaunchScreen.storyboard */ = {
			isa = PBXVariantGroup;
			children = (
				970A8C532040F5A000E94C93 /* Base */,
			);
			name = LaunchScreen.storyboard;
			sourceTree = "<group>";
		};
/* End PBXVariantGroup section */

/* Begin XCBuildConfiguration section */
		970A8C562040F5A000E94C93 /* Debug */ = {
			isa = XCBuildConfiguration;
			buildSettings = {
				ALWAYS_SEARCH_USER_PATHS = NO;
				CLANG_ANALYZER_NONNULL = YES;
				CLANG_ANALYZER_NUMBER_OBJECT_CONVERSION = YES_AGGRESSIVE;
				CLANG_CXX_LANGUAGE_STANDARD = "gnu++14";
				CLANG_CXX_LIBRARY = "libc++";
				CLANG_ENABLE_MODULES = YES;
				CLANG_ENABLE_OBJC_ARC = YES;
				CLANG_WARN_BLOCK_CAPTURE_AUTORELEASING = YES;
				CLANG_WARN_BOOL_CONVERSION = YES;
				CLANG_WARN_COMMA = YES;
				CLANG_WARN_CONSTANT_CONVERSION = YES;
				CLANG_WARN_DIRECT_OBJC_ISA_USAGE = YES_ERROR;
				CLANG_WARN_DOCUMENTATION_COMMENTS = YES;
				CLANG_WARN_EMPTY_BODY = YES;
				CLANG_WARN_ENUM_CONVERSION = YES;
				CLANG_WARN_INFINITE_RECURSION = YES;
				CLANG_WARN_INT_CONVERSION = YES;
				CLANG_WARN_NON_LITERAL_NULL_CONVERSION = YES;
				CLANG_WARN_OBJC_LITERAL_CONVERSION = YES;
				CLANG_WARN_OBJC_ROOT_CLASS = YES_ERROR;
				CLANG_WARN_RANGE_LOOP_ANALYSIS = YES;
				CLANG_WARN_STRICT_PROTOTYPES = YES;
				CLANG_WARN_SUSPICIOUS_MOVE = YES;
				CLANG_WARN_UNGUARDED_AVAILABILITY = YES_AGGRESSIVE;
				CLANG_WARN_UNREACHABLE_CODE = YES;
				CLANG_WARN__DUPLICATE_METHOD_MATCH = YES;
				CODE_SIGN_IDENTITY = "iPhone Developer";
				COPY_PHASE_STRIP = NO;
				DEBUG_INFORMATION_FORMAT = dwarf;
				ENABLE_STRICT_OBJC_MSGSEND = YES;
				ENABLE_TESTABILITY = YES;
				GCC_C_LANGUAGE_STANDARD = gnu11;
				GCC_DYNAMIC_NO_PIC = NO;
				GCC_NO_COMMON_BLOCKS = YES;
				GCC_OPTIMIZATION_LEVEL = 0;
				GCC_PREPROCESSOR_DEFINITIONS = (
					"DEBUG=1",
					"$(inherited)",
				);
				GCC_WARN_64_TO_32_BIT_CONVERSION = YES;
				GCC_WARN_ABOUT_RETURN_TYPE = YES_ERROR;
				GCC_WARN_UNDECLARED_SELECTOR = YES;
				GCC_WARN_UNINITIALIZED_AUTOS = YES_AGGRESSIVE;
				GCC_WARN_UNUSED_FUNCTION = YES;
				GCC_WARN_UNUSED_VARIABLE = YES;
				IPHONEOS_DEPLOYMENT_TARGET = 11.2;
				MTL_ENABLE_DEBUG_INFO = YES;
				ONLY_ACTIVE_ARCH = YES;
				SDKROOT = iphoneos;
				SWIFT_ACTIVE_COMPILATION_CONDITIONS = DEBUG;
				SWIFT_OPTIMIZATION_LEVEL = "-Onone";
			};
			name = Debug;
		};
		970A8C572040F5A000E94C93 /* Release */ = {
			isa = XCBuildConfiguration;
			buildSettings = {
				ALWAYS_SEARCH_USER_PATHS = NO;
				CLANG_ANALYZER_NONNULL = YES;
				CLANG_ANALYZER_NUMBER_OBJECT_CONVERSION = YES_AGGRESSIVE;
				CLANG_CXX_LANGUAGE_STANDARD = "gnu++14";
				CLANG_CXX_LIBRARY = "libc++";
				CLANG_ENABLE_MODULES = YES;
				CLANG_ENABLE_OBJC_ARC = YES;
				CLANG_WARN_BLOCK_CAPTURE_AUTORELEASING = YES;
				CLANG_WARN_BOOL_CONVERSION = YES;
				CLANG_WARN_COMMA = YES;
				CLANG_WARN_CONSTANT_CONVERSION = YES;
				CLANG_WARN_DIRECT_OBJC_ISA_USAGE = YES_ERROR;
				CLANG_WARN_DOCUMENTATION_COMMENTS = YES;
				CLANG_WARN_EMPTY_BODY = YES;
				CLANG_WARN_ENUM_CONVERSION = YES;
				CLANG_WARN_INFINITE_RECURSION = YES;
				CLANG_WARN_INT_CONVERSION = YES;
				CLANG_WARN_NON_LITERAL_NULL_CONVERSION = YES;
				CLANG_WARN_OBJC_LITERAL_CONVERSION = YES;
				CLANG_WARN_OBJC_ROOT_CLASS = YES_ERROR;
				CLANG_WARN_RANGE_LOOP_ANALYSIS = YES;
				CLANG_WARN_STRICT_PROTOTYPES = YES;
				CLANG_WARN_SUSPICIOUS_MOVE = YES;
				CLANG_WARN_UNGUARDED_AVAILABILITY = YES_AGGRESSIVE;
				CLANG_WARN_UNREACHABLE_CODE = YES;
				CLANG_WARN__DUPLICATE_METHOD_MATCH = YES;
				CODE_SIGN_IDENTITY = "iPhone Developer";
				COPY_PHASE_STRIP = NO;
				DEBUG_INFORMATION_FORMAT = "dwarf-with-dsym";
				ENABLE_NS_ASSERTIONS = NO;
				ENABLE_STRICT_OBJC_MSGSEND = YES;
				GCC_C_LANGUAGE_STANDARD = gnu11;
				GCC_NO_COMMON_BLOCKS = YES;
				GCC_WARN_64_TO_32_BIT_CONVERSION = YES;
				GCC_WARN_ABOUT_RETURN_TYPE = YES_ERROR;
				GCC_WARN_UNDECLARED_SELECTOR = YES;
				GCC_WARN_UNINITIALIZED_AUTOS = YES_AGGRESSIVE;
				GCC_WARN_UNUSED_FUNCTION = YES;
				GCC_WARN_UNUSED_VARIABLE = YES;
				IPHONEOS_DEPLOYMENT_TARGET = 11.2;
				MTL_ENABLE_DEBUG_INFO = NO;
				SDKROOT = iphoneos;
				SWIFT_OPTIMIZATION_LEVEL = "-Owholemodule";
				VALIDATE_PRODUCT = YES;
			};
			name = Release;
		};
		970A8C592040F5A000E94C93 /* Debug */ = {
			isa = XCBuildConfiguration;
			buildSettings = {
				ASSETCATALOG_COMPILER_APPICON_NAME = AppIcon;
				CLANG_ENABLE_MODULES = YES;
				CODE_SIGN_STYLE = Automatic;
				DEVELOPMENT_TEAM = ANU5Y9QJTM;
				INFOPLIST_FILE = "在线换IConDemo/Info.plist";
				LD_RUNPATH_SEARCH_PATHS = "$(inherited) @executable_path/Frameworks";
				PRODUCT_BUNDLE_IDENTIFIER = "com.3irobotics.---IConDemo";
				PRODUCT_NAME = "$(TARGET_NAME)";
				SWIFT_OBJC_BRIDGING_HEADER = "在线换IConDemo/在线换IConDemo-Bridging-Header.h";
				SWIFT_OPTIMIZATION_LEVEL = "-Onone";
				SWIFT_VERSION = 4.0;
				TARGETED_DEVICE_FAMILY = "1,2";
			};
			name = Debug;
		};
		970A8C5A2040F5A000E94C93 /* Release */ = {
			isa = XCBuildConfiguration;
			buildSettings = {
				ASSETCATALOG_COMPILER_APPICON_NAME = AppIcon;
				CLANG_ENABLE_MODULES = YES;
				CODE_SIGN_STYLE = Automatic;
				DEVELOPMENT_TEAM = ANU5Y9QJTM;
				INFOPLIST_FILE = "在线换IConDemo/Info.plist";
				LD_RUNPATH_SEARCH_PATHS = "$(inherited) @executable_path/Frameworks";
				PRODUCT_BUNDLE_IDENTIFIER = "com.3irobotics.---IConDemo";
				PRODUCT_NAME = "$(TARGET_NAME)";
				SWIFT_OBJC_BRIDGING_HEADER = "在线换IConDemo/在线换IConDemo-Bridging-Header.h";
				SWIFT_VERSION = 4.0;
				TARGETED_DEVICE_FAMILY = "1,2";
			};
			name = Release;
		};
/* End XCBuildConfiguration section */

/* Begin XCConfigurationList section */
		970A8C412040F5A000E94C93 /* Build configuration list for PBXProject "在线换IConDemo" */ = {
			isa = XCConfigurationList;
			buildConfigurations = (
				970A8C562040F5A000E94C93 /* Debug */,
				970A8C572040F5A000E94C93 /* Release */,
			);
			defaultConfigurationIsVisible = 0;
			defaultConfigurationName = Release;
		};
		970A8C582040F5A000E94C93 /* Build configuration list for PBXNativeTarget "在线换IConDemo" */ = {
			isa = XCConfigurationList;
			buildConfigurations = (
				970A8C592040F5A000E94C93 /* Debug */,
				970A8C5A2040F5A000E94C93 /* Release */,
			);
			defaultConfigurationIsVisible = 0;
			defaultConfigurationName = Release;
		};
/* End XCConfigurationList section */
	};
	rootObject = 970A8C3E2040F5A000E94C93 /* Project object */;
}
